
Microsoft Visual Studio Solution File, Format Version 12.00
# Visual Studio 15
VisualStudioVersion = 15.0.27004.2009
MinimumVisualStudioVersion = 10.0.40219.1
Project("{9A19103F-16F7-4668-BE54-9A1E7A4F7556}") = "SharedAccessTokenApp", "SharedAccessTokenApp\SharedAccessTokenApp.csproj", "{24BFFA77-9538-497D-93A1-84B50963512E}"
EndProject
Global
	GlobalSection(SolutionConfigurationPlatforms) = preSolution
		Debug|Any CPU = Debug|Any CPU
		Release|Any CPU = Release|Any CPU
	EndGlobalSection
	GlobalSection(ProjectConfigurationPlatforms) = postSolution
		{24BFFA77-9538-497D-93A1-84B50963512E}.Debug|Any CPU.ActiveCfg = Debug|Any CPU
		{24BFFA77-9538-497D-93A1-84B50963512E}.Debug|Any CPU.Build.0 = Debug|Any CPU
		{24BFFA77-9538-497D-93A1-84B50963512E}.Release|Any CPU.ActiveCfg = Release|Any CPU
		{24BFFA77-9538-497D-93A1-84B50963512E}.Release|Any CPU.Build.0 = Release|Any CPU
	EndGlobalSection
	GlobalSection(SolutionProperties) = preSolution
		HideSolutionNode = FALSE
	EndGlobalSection
	GlobalSection(ExtensibilityGlobals) = postSolution
		SolutionGuid = {8EF10CC3-01CD-4C8F-B69D-33054021C8E2}
	EndGlobalSection
EndGlobal
